
Microsoft Visual Studio Solution File, Format Version 10.00
# Visual Studio 2008
Project("{8BC9CEB8-8B4A-11D0-8D11-00A0C91BC942}") = "AllTests_CppUTest", "tests\AllTests_CppUTest.vcproj", "{88599497-F545-4FDA-A591-4F73AE771CCD}"
	ProjectSection(ProjectDependencies) = postProject
		{6E62DD32-E915-4C3A-BD37-ECEB3F1A2902} = {6E62DD32-E915-4C3A-BD37-ECEB3F1A2902}
	EndProjectSection
EndProject
Project("{8BC9CEB8-8B4A-11D0-8D11-00A0C91BC942}") = "ProductionCodeLib", "src\ProductionCodeLib.vcproj", "{6E62DD32-E915-4C3A-BD37-ECEB3F1A2902}"
EndProject
Global
	GlobalSection(SolutionConfigurationPlatforms) = preSolution
		Debug|Win32 = Debug|Win32
		Release|Win32 = Release|Win32
	EndGlobalSection
	GlobalSection(ProjectConfigurationPlatforms) = postSolution
		{88599497-F545-4FDA-A591-4F73AE771CCD}.Debug|Win32.ActiveCfg = Debug|Win32
		{88599497-F545-4FDA-A591-4F73AE771CCD}.Debug|Win32.Build.0 = Debug|Win32
		{88599497-F545-4FDA-A591-4F73AE771CCD}.Release|Win32.ActiveCfg = Release|Win32
		{88599497-F545-4FDA-A591-4F73AE771CCD}.Release|Win32.Build.0 = Release|Win32
		{6E62DD32-E915-4C3A-BD37-ECEB3F1A2902}.Debug|Win32.ActiveCfg = Debug|Win32
		{6E62DD32-E915-4C3A-BD37-ECEB3F1A2902}.Debug|Win32.Build.0 = Debug|Win32
		{6E62DD32-E915-4C3A-BD37-ECEB3F1A2902}.Release|Win32.ActiveCfg = Release|Win32
		{6E62DD32-E915-4C3A-BD37-ECEB3F1A2902}.Release|Win32.Build.0 = Release|Win32
	EndGlobalSection
	GlobalSection(SolutionProperties) = preSolution
		HideSolutionNode = FALSE
	EndGlobalSection
EndGlobal
